
Microsoft Visual Studio Solution File, Format Version 12.00
# Visual Studio Version 17
VisualStudioVersion = 17.2.32616.157
MinimumVisualStudioVersion = 10.0.40219.1
Project("{FAE04EC0-301F-11D3-BF4B-00C04F79EFBC}") = "UI_SBS", "UI_SBS\UI_SBS.csproj", "{73DDAFD4-42AA-4B43-95FB-00C8F99E93CE}"
EndProject
Global
	GlobalSection(SolutionConfigurationPlatforms) = preSolution
		Debug|Any CPU = Debug|Any CPU
		Release|Any CPU = Release|Any CPU
	EndGlobalSection
	GlobalSection(ProjectConfigurationPlatforms) = postSolution
		{73DDAFD4-42AA-4B43-95FB-00C8F99E93CE}.Debug|Any CPU.ActiveCfg = Debug|Any CPU
		{73DDAFD4-42AA-4B43-95FB-00C8F99E93CE}.Debug|Any CPU.Build.0 = Debug|Any CPU
		{73DDAFD4-42AA-4B43-95FB-00C8F99E93CE}.Release|Any CPU.ActiveCfg = Release|Any CPU
		{73DDAFD4-42AA-4B43-95FB-00C8F99E93CE}.Release|Any CPU.Build.0 = Release|Any CPU
	EndGlobalSection
	GlobalSection(SolutionProperties) = preSolution
		HideSolutionNode = FALSE
	EndGlobalSection
	GlobalSection(ExtensibilityGlobals) = postSolution
		SolutionGuid = {BF9C1802-C860-42D0-8E6D-77B3CEA6601D}
	EndGlobalSection
EndGlobal
